
Microsoft Visual Studio Solution File, Format Version 12.00
# Visual Studio Version 17
VisualStudioVersion = 17.7.34202.233
MinimumVisualStudioVersion = 10.0.40219.1
Project("{FAE04EC0-301F-11D3-BF4B-00C04F79EFBC}") = "Actividad 5.1", "Actividad 5.1.csproj", "{3F1D5F49-9B66-4102-A8E9-3D983AE4C9EB}"
EndProject
Global
	GlobalSection(SolutionConfigurationPlatforms) = preSolution
		Debug|Any CPU = Debug|Any CPU
		Release|Any CPU = Release|Any CPU
	EndGlobalSection
	GlobalSection(ProjectConfigurationPlatforms) = postSolution
		{3F1D5F49-9B66-4102-A8E9-3D983AE4C9EB}.Debug|Any CPU.ActiveCfg = Debug|Any CPU
		{3F1D5F49-9B66-4102-A8E9-3D983AE4C9EB}.Debug|Any CPU.Build.0 = Debug|Any CPU
		{3F1D5F49-9B66-4102-A8E9-3D983AE4C9EB}.Release|Any CPU.ActiveCfg = Release|Any CPU
		{3F1D5F49-9B66-4102-A8E9-3D983AE4C9EB}.Release|Any CPU.Build.0 = Release|Any CPU
	EndGlobalSection
	GlobalSection(SolutionProperties) = preSolution
		HideSolutionNode = FALSE
	EndGlobalSection
	GlobalSection(ExtensibilityGlobals) = postSolution
		SolutionGuid = {421B5BD3-D5D6-4CDD-992B-2932891C62E8}
	EndGlobalSection
EndGlobal
