
Microsoft Visual Studio Solution File, Format Version 12.00
# Visual Studio Version 17
VisualStudioVersion = 17.7.34202.233
MinimumVisualStudioVersion = 10.0.40219.1
Project("{FAE04EC0-301F-11D3-BF4B-00C04F79EFBC}") = "Actividad 2", "Actividad 2.csproj", "{7B247CE6-F34B-489D-95FE-6B600D25E473}"
EndProject
Global
	GlobalSection(SolutionConfigurationPlatforms) = preSolution
		Debug|Any CPU = Debug|Any CPU
		Release|Any CPU = Release|Any CPU
	EndGlobalSection
	GlobalSection(ProjectConfigurationPlatforms) = postSolution
		{7B247CE6-F34B-489D-95FE-6B600D25E473}.Debug|Any CPU.ActiveCfg = Debug|Any CPU
		{7B247CE6-F34B-489D-95FE-6B600D25E473}.Debug|Any CPU.Build.0 = Debug|Any CPU
		{7B247CE6-F34B-489D-95FE-6B600D25E473}.Release|Any CPU.ActiveCfg = Release|Any CPU
		{7B247CE6-F34B-489D-95FE-6B600D25E473}.Release|Any CPU.Build.0 = Release|Any CPU
	EndGlobalSection
	GlobalSection(SolutionProperties) = preSolution
		HideSolutionNode = FALSE
	EndGlobalSection
	GlobalSection(ExtensibilityGlobals) = postSolution
		SolutionGuid = {1C6BCD2B-B604-4C0A-830E-008DA4697988}
	EndGlobalSection
EndGlobal
